
Microsoft Visual Studio Solution File, Format Version 11.00
# Visual C# Express 2010
Project("{FAE04EC0-301F-11D3-BF4B-00C04F79EFBC}") = "OMake", "OMake\OMake.csproj", "{FC9BAEE9-4D78-463B-8DD2-40655A573F8B}"
EndProject
Global
	GlobalSection(SolutionConfigurationPlatforms) = preSolution
		Debug|AnyCPU = Debug|AnyCPU
		Release|AnyCPU = Release|AnyCPU
	EndGlobalSection
	GlobalSection(ProjectConfigurationPlatforms) = postSolution
		{FC9BAEE9-4D78-463B-8DD2-40655A573F8B}.Debug|AnyCPU.ActiveCfg = Debug|Any CPU
		{FC9BAEE9-4D78-463B-8DD2-40655A573F8B}.Debug|AnyCPU.Build.0 = Debug|Any CPU
		{FC9BAEE9-4D78-463B-8DD2-40655A573F8B}.Release|AnyCPU.ActiveCfg = Release|Any CPU
		{FC9BAEE9-4D78-463B-8DD2-40655A573F8B}.Release|AnyCPU.Build.0 = Release|Any CPU
	EndGlobalSection
	GlobalSection(SolutionProperties) = preSolution
		HideSolutionNode = FALSE
	EndGlobalSection
EndGlobal
